
Microsoft Visual Studio Solution File, Format Version 12.00
# Visual Studio 15
VisualStudioVersion = 15.0.27703.2042
MinimumVisualStudioVersion = 10.0.40219.1
Project("{FAE04EC0-301F-11D3-BF4B-00C04F79EFBC}") = "JenkinsDemo", "JenkinsDemo\JenkinsDemo.csproj", "{58D6EF8D-FA43-4A9F-95D0-ECD959C2BB21}"
EndProject
Global
	GlobalSection(SolutionConfigurationPlatforms) = preSolution
		Debug|Any CPU = Debug|Any CPU
		Release|Any CPU = Release|Any CPU
	EndGlobalSection
	GlobalSection(ProjectConfigurationPlatforms) = postSolution
		{58D6EF8D-FA43-4A9F-95D0-ECD959C2BB21}.Debug|Any CPU.ActiveCfg = Debug|Any CPU
		{58D6EF8D-FA43-4A9F-95D0-ECD959C2BB21}.Debug|Any CPU.Build.0 = Debug|Any CPU
		{58D6EF8D-FA43-4A9F-95D0-ECD959C2BB21}.Release|Any CPU.ActiveCfg = Release|Any CPU
		{58D6EF8D-FA43-4A9F-95D0-ECD959C2BB21}.Release|Any CPU.Build.0 = Release|Any CPU
	EndGlobalSection
	GlobalSection(SolutionProperties) = preSolution
		HideSolutionNode = FALSE
	EndGlobalSection
	GlobalSection(ExtensibilityGlobals) = postSolution
		SolutionGuid = {F90399A0-817B-493B-B8AD-8126094C74AF}
	EndGlobalSection
EndGlobal
